{
  "originHash" : "06282affcd052ca901b2d40ea30cd4e4993ba32fea8b08596271d00f28f0d2f2",
  "pins" : [
    {
      "identity" : "clerk-convex-swift",
      "kind" : "remoteSourceControl",
      "location" : "https://github.com/clerk/clerk-convex-swift",
      "state" : {
        "revision" : "5c7e62ee329a00df0f9ed73462c54b069a7286ab",
        "version" : "0.1.0"
      }
    },
    {
      "identity" : "clerk-ios",
      "kind" : "remoteSourceControl",
      "location" : "https://github.com/clerk/clerk-ios",
      "state" : {
        "revision" : "fe5e27d57cc2cea952bb99325d7ee8b046b81bb1",
        "version" : "1.2.2"
      }
    },
    {
      "identity" : "convex-swift",
      "kind" : "remoteSourceControl",
      "location" : "https://github.com/get-convex/convex-swift",
      "state" : {
        "revision" : "125b71b2f8725931a5b0e8252f0799ef2adad120",
        "version" : "0.8.1"
      }
    },
    {
      "identity" : "nuke",
      "kind" : "remoteSourceControl",
      "location" : "https://github.com/kean/Nuke.git",
      "state" : {
        "revision" : "63a8fcbd6621340a2410bc3e9575ac97058615f4",
        "version" : "13.0.6"
      }
    },
    {
      "identity" : "phonenumberkit",
      "kind" : "remoteSourceControl",
      "location" : "https://github.com/marmelroy/PhoneNumberKit",
      "state" : {
        "revision" : "169ab10234347fb19b37441f2867ace896a284b0",
        "version" : "4.3.0"
      }
    }
  ],
  "version" : 3
}
